
Microsoft Visual Studio Solution File, Format Version 12.00
# Visual Studio Version 16
VisualStudioVersion = 25.0.1706.5
MinimumVisualStudioVersion = 10.0.40219.1
Project("{FAE04EC0-301F-11D3-BF4B-00C04F79EFBC}") = "KLACodeTest", "KLACodeTest\KLACodeTest.csproj", "{DFABC35E-989F-46AF-863F-CFAB62B86568}"
EndProject
Project("{FAE04EC0-301F-11D3-BF4B-00C04F79EFBC}") = "KLACodeTest.Tests", "KLACodeTest.Tests\KLACodeTest.Tests.csproj", "{AD8686BD-E4BC-40CF-9F77-52B345006DCE}"
EndProject
Project("{FAE04EC0-301F-11D3-BF4B-00C04F79EFBC}") = "SampleAPI", "SampleAPI\SampleAPI.csproj", "{B2C03B66-17B6-4AC2-AFAE-E800CD931FDD}"
EndProject
Global
	GlobalSection(SolutionConfigurationPlatforms) = preSolution
		Debug|Any CPU = Debug|Any CPU
		Release|Any CPU = Release|Any CPU
	EndGlobalSection
	GlobalSection(ProjectConfigurationPlatforms) = postSolution
		{DFABC35E-989F-46AF-863F-CFAB62B86568}.Debug|Any CPU.ActiveCfg = Debug|Any CPU
		{DFABC35E-989F-46AF-863F-CFAB62B86568}.Debug|Any CPU.Build.0 = Debug|Any CPU
		{DFABC35E-989F-46AF-863F-CFAB62B86568}.Release|Any CPU.ActiveCfg = Release|Any CPU
		{DFABC35E-989F-46AF-863F-CFAB62B86568}.Release|Any CPU.Build.0 = Release|Any CPU
		{AD8686BD-E4BC-40CF-9F77-52B345006DCE}.Debug|Any CPU.ActiveCfg = Debug|Any CPU
		{AD8686BD-E4BC-40CF-9F77-52B345006DCE}.Debug|Any CPU.Build.0 = Debug|Any CPU
		{AD8686BD-E4BC-40CF-9F77-52B345006DCE}.Release|Any CPU.ActiveCfg = Release|Any CPU
		{AD8686BD-E4BC-40CF-9F77-52B345006DCE}.Release|Any CPU.Build.0 = Release|Any CPU
		{B2C03B66-17B6-4AC2-AFAE-E800CD931FDD}.Debug|Any CPU.ActiveCfg = Debug|Any CPU
		{B2C03B66-17B6-4AC2-AFAE-E800CD931FDD}.Debug|Any CPU.Build.0 = Debug|Any CPU
		{B2C03B66-17B6-4AC2-AFAE-E800CD931FDD}.Release|Any CPU.ActiveCfg = Release|Any CPU
		{B2C03B66-17B6-4AC2-AFAE-E800CD931FDD}.Release|Any CPU.Build.0 = Release|Any CPU
	EndGlobalSection
	GlobalSection(SolutionProperties) = preSolution
		HideSolutionNode = FALSE
	EndGlobalSection
	GlobalSection(ExtensibilityGlobals) = postSolution
		SolutionGuid = {D24642AD-1FBD-4991-9F5A-924EB8B88E06}
	EndGlobalSection
EndGlobal
